
Microsoft Visual Studio Solution File, Format Version 12.00
# Visual Studio Version 16
VisualStudioVersion = 16.0.30907.101
MinimumVisualStudioVersion = 10.0.40219.1
Project("{9A19103F-16F7-4668-BE54-9A1E7A4F7556}") = "Exthand.BitFinex.App", "Exthand-Bitfinex-APP\Exthand.BitFinex.App.csproj", "{73150924-8307-4F73-94A9-9CAEE56C3C74}"
EndProject
Project("{9A19103F-16F7-4668-BE54-9A1E7A4F7556}") = "Exthand.BitFinex.DTO", "Exthand-Bitfinex-DTO\Exthand.BitFinex.DTO.csproj", "{C9C01737-FF2B-4388-BA4B-F7FF02DB327C}"
EndProject
Project("{9A19103F-16F7-4668-BE54-9A1E7A4F7556}") = "Exthand.BitFinex.Repository", "Exthand-Bitfinex-Repository\Exthand.BitFinex.Repository.csproj", "{656F5454-B206-4A03-A5B8-C1E5917AC1E8}"
EndProject
Project("{9A19103F-16F7-4668-BE54-9A1E7A4F7556}") = "Exthand.BitFinex.Service", "Exthand-Bitfinex-Service\Exthand.BitFinex.Service.csproj", "{E222A6FE-297E-4B6F-B70E-AF7453BFFE0A}"
EndProject
Project("{9A19103F-16F7-4668-BE54-9A1E7A4F7556}") = "Exthand.BitFinex.Shared", "Exthand-Bitfinex-Shared\Exthand.BitFinex.Shared.csproj", "{5A850BC3-E9F5-4B30-BA81-53356E8637E6}"
EndProject
Global
	GlobalSection(SolutionConfigurationPlatforms) = preSolution
		Debug|Any CPU = Debug|Any CPU
		Release|Any CPU = Release|Any CPU
	EndGlobalSection
	GlobalSection(ProjectConfigurationPlatforms) = postSolution
		{73150924-8307-4F73-94A9-9CAEE56C3C74}.Debug|Any CPU.ActiveCfg = Debug|Any CPU
		{73150924-8307-4F73-94A9-9CAEE56C3C74}.Debug|Any CPU.Build.0 = Debug|Any CPU
		{73150924-8307-4F73-94A9-9CAEE56C3C74}.Release|Any CPU.ActiveCfg = Release|Any CPU
		{73150924-8307-4F73-94A9-9CAEE56C3C74}.Release|Any CPU.Build.0 = Release|Any CPU
		{C9C01737-FF2B-4388-BA4B-F7FF02DB327C}.Debug|Any CPU.ActiveCfg = Debug|Any CPU
		{C9C01737-FF2B-4388-BA4B-F7FF02DB327C}.Debug|Any CPU.Build.0 = Debug|Any CPU
		{C9C01737-FF2B-4388-BA4B-F7FF02DB327C}.Release|Any CPU.ActiveCfg = Release|Any CPU
		{C9C01737-FF2B-4388-BA4B-F7FF02DB327C}.Release|Any CPU.Build.0 = Release|Any CPU
		{656F5454-B206-4A03-A5B8-C1E5917AC1E8}.Debug|Any CPU.ActiveCfg = Debug|Any CPU
		{656F5454-B206-4A03-A5B8-C1E5917AC1E8}.Debug|Any CPU.Build.0 = Debug|Any CPU
		{656F5454-B206-4A03-A5B8-C1E5917AC1E8}.Release|Any CPU.ActiveCfg = Release|Any CPU
		{656F5454-B206-4A03-A5B8-C1E5917AC1E8}.Release|Any CPU.Build.0 = Release|Any CPU
		{E222A6FE-297E-4B6F-B70E-AF7453BFFE0A}.Debug|Any CPU.ActiveCfg = Debug|Any CPU
		{E222A6FE-297E-4B6F-B70E-AF7453BFFE0A}.Debug|Any CPU.Build.0 = Debug|Any CPU
		{E222A6FE-297E-4B6F-B70E-AF7453BFFE0A}.Release|Any CPU.ActiveCfg = Release|Any CPU
		{E222A6FE-297E-4B6F-B70E-AF7453BFFE0A}.Release|Any CPU.Build.0 = Release|Any CPU
		{5A850BC3-E9F5-4B30-BA81-53356E8637E6}.Debug|Any CPU.ActiveCfg = Debug|Any CPU
		{5A850BC3-E9F5-4B30-BA81-53356E8637E6}.Debug|Any CPU.Build.0 = Debug|Any CPU
		{5A850BC3-E9F5-4B30-BA81-53356E8637E6}.Release|Any CPU.ActiveCfg = Release|Any CPU
		{5A850BC3-E9F5-4B30-BA81-53356E8637E6}.Release|Any CPU.Build.0 = Release|Any CPU
	EndGlobalSection
	GlobalSection(SolutionProperties) = preSolution
		HideSolutionNode = FALSE
	EndGlobalSection
	GlobalSection(ExtensibilityGlobals) = postSolution
		SolutionGuid = {43C049C3-264E-4B40-BEB2-3F85F2CB40AB}
	EndGlobalSection
EndGlobal
